
Microsoft Visual Studio Solution File, Format Version 12.00
# Visual Studio Version 17
VisualStudioVersion = 17.11.35312.102
MinimumVisualStudioVersion = 10.0.40219.1
Project("{9A19103F-16F7-4668-BE54-9A1E7A4F7556}") = "asi-avi-rest-api", "asi-avi-rest-api\asi-avi-rest-api.csproj", "{41081178-2185-4E84-9E47-821C83A7A182}"
EndProject
Project("{FAE04EC0-301F-11D3-BF4B-00C04F79EFBC}") = "asi-avi-rest-apiTests", "asi-avi-rest-apiTests\asi-avi-rest-apiTests.csproj", "{DAE130FB-9922-4AC8-9A77-763B437CA26C}"
EndProject
Global
	GlobalSection(SolutionConfigurationPlatforms) = preSolution
		Debug|Any CPU = Debug|Any CPU
		Release|Any CPU = Release|Any CPU
	EndGlobalSection
	GlobalSection(ProjectConfigurationPlatforms) = postSolution
		{41081178-2185-4E84-9E47-821C83A7A182}.Debug|Any CPU.ActiveCfg = Debug|Any CPU
		{41081178-2185-4E84-9E47-821C83A7A182}.Debug|Any CPU.Build.0 = Debug|Any CPU
		{41081178-2185-4E84-9E47-821C83A7A182}.Release|Any CPU.ActiveCfg = Release|Any CPU
		{41081178-2185-4E84-9E47-821C83A7A182}.Release|Any CPU.Build.0 = Release|Any CPU
		{DAE130FB-9922-4AC8-9A77-763B437CA26C}.Debug|Any CPU.ActiveCfg = Debug|Any CPU
		{DAE130FB-9922-4AC8-9A77-763B437CA26C}.Debug|Any CPU.Build.0 = Debug|Any CPU
		{DAE130FB-9922-4AC8-9A77-763B437CA26C}.Release|Any CPU.ActiveCfg = Release|Any CPU
		{DAE130FB-9922-4AC8-9A77-763B437CA26C}.Release|Any CPU.Build.0 = Release|Any CPU
	EndGlobalSection
	GlobalSection(SolutionProperties) = preSolution
		HideSolutionNode = FALSE
	EndGlobalSection
	GlobalSection(ExtensibilityGlobals) = postSolution
		SolutionGuid = {8C0D99A8-08A5-4CCC-A656-E14DB87025BA}
	EndGlobalSection
EndGlobal
